Microsoft Visual Studio Solution File, Format Version 10.00
# Visual Studio 2008
Project("{8BC9CEB8-8B4A-11D0-8D11-00A0C91BC942}") = "ALL_BUILD", ".\ALL_BUILD.vcproj", "{435E0FA5-E62A-4228-9D94-40E501624E39}"
	ProjectSection(ProjectDependencies) = postProject
		{C06E03FD-F557-4493-B160-3E7F50D52B20} = {C06E03FD-F557-4493-B160-3E7F50D52B20}
		{9D273939-B638-436C-A68A-AA7C1AF332D5} = {9D273939-B638-436C-A68A-AA7C1AF332D5}
		{9A1FD4C0-0BEE-4769-8FA9-D96CEFF5EB41} = {9A1FD4C0-0BEE-4769-8FA9-D96CEFF5EB41}
		{E906CA4B-106C-4FF0-9A9C-1678A403FDC8} = {E906CA4B-106C-4FF0-9A9C-1678A403FDC8}
		{04797A31-93E0-47D9-9F9D-37E8631FB7F3} = {04797A31-93E0-47D9-9F9D-37E8631FB7F3}
		{F25B004A-C98E-4493-A848-A76870572FF5} = {F25B004A-C98E-4493-A848-A76870572FF5}
		{BEB8DC7E-8E5E-4CA8-8219-2A3BE58F9416} = {BEB8DC7E-8E5E-4CA8-8219-2A3BE58F9416}
		{3918A1AB-6E18-4E6E-A441-0CFE27805D13} = {3918A1AB-6E18-4E6E-A441-0CFE27805D13}
		{7C28F344-52DA-4390-B11C-B1B7B9FB723F} = {7C28F344-52DA-4390-B11C-B1B7B9FB723F}
	EndProjectSection
EndProject
Project("{8BC9CEB8-8B4A-11D0-8D11-00A0C91BC942}") = "Controller_Base", "Controller_Base\Controller_Base.vcproj", "{C06E03FD-F557-4493-B160-3E7F50D52B20}"
	ProjectSection(ProjectDependencies) = postProject
		{F25B004A-C98E-4493-A848-A76870572FF5} = {F25B004A-C98E-4493-A848-A76870572FF5}
		{BEB8DC7E-8E5E-4CA8-8219-2A3BE58F9416} = {BEB8DC7E-8E5E-4CA8-8219-2A3BE58F9416}
		{3918A1AB-6E18-4E6E-A441-0CFE27805D13} = {3918A1AB-6E18-4E6E-A441-0CFE27805D13}
		{9A1FD4C0-0BEE-4769-8FA9-D96CEFF5EB41} = {9A1FD4C0-0BEE-4769-8FA9-D96CEFF5EB41}
		{04797A31-93E0-47D9-9F9D-37E8631FB7F3} = {04797A31-93E0-47D9-9F9D-37E8631FB7F3}
		{9A1FD4C0-0BEE-4769-8FA9-D96CEFF5EB41} = {9A1FD4C0-0BEE-4769-8FA9-D96CEFF5EB41}
		{04797A31-93E0-47D9-9F9D-37E8631FB7F3} = {04797A31-93E0-47D9-9F9D-37E8631FB7F3}
		{F25B004A-C98E-4493-A848-A76870572FF5} = {F25B004A-C98E-4493-A848-A76870572FF5}
		{BEB8DC7E-8E5E-4CA8-8219-2A3BE58F9416} = {BEB8DC7E-8E5E-4CA8-8219-2A3BE58F9416}
		{3918A1AB-6E18-4E6E-A441-0CFE27805D13} = {3918A1AB-6E18-4E6E-A441-0CFE27805D13}
		{7C28F344-52DA-4390-B11C-B1B7B9FB723F} = {7C28F344-52DA-4390-B11C-B1B7B9FB723F}
	EndProjectSection
EndProject
Project("{8BC9CEB8-8B4A-11D0-8D11-00A0C91BC942}") = "Controller_Win32", "Controller_Win32\Controller_Win32.vcproj", "{9D273939-B638-436C-A68A-AA7C1AF332D5}"
	ProjectSection(ProjectDependencies) = postProject
		{F25B004A-C98E-4493-A848-A76870572FF5} = {F25B004A-C98E-4493-A848-A76870572FF5}
		{BEB8DC7E-8E5E-4CA8-8219-2A3BE58F9416} = {BEB8DC7E-8E5E-4CA8-8219-2A3BE58F9416}
		{3918A1AB-6E18-4E6E-A441-0CFE27805D13} = {3918A1AB-6E18-4E6E-A441-0CFE27805D13}
		{9A1FD4C0-0BEE-4769-8FA9-D96CEFF5EB41} = {9A1FD4C0-0BEE-4769-8FA9-D96CEFF5EB41}
		{04797A31-93E0-47D9-9F9D-37E8631FB7F3} = {04797A31-93E0-47D9-9F9D-37E8631FB7F3}
		{9A1FD4C0-0BEE-4769-8FA9-D96CEFF5EB41} = {9A1FD4C0-0BEE-4769-8FA9-D96CEFF5EB41}
		{04797A31-93E0-47D9-9F9D-37E8631FB7F3} = {04797A31-93E0-47D9-9F9D-37E8631FB7F3}
		{F25B004A-C98E-4493-A848-A76870572FF5} = {F25B004A-C98E-4493-A848-A76870572FF5}
		{BEB8DC7E-8E5E-4CA8-8219-2A3BE58F9416} = {BEB8DC7E-8E5E-4CA8-8219-2A3BE58F9416}
		{3918A1AB-6E18-4E6E-A441-0CFE27805D13} = {3918A1AB-6E18-4E6E-A441-0CFE27805D13}
		{7C28F344-52DA-4390-B11C-B1B7B9FB723F} = {7C28F344-52DA-4390-B11C-B1B7B9FB723F}
	EndProjectSection
EndProject
Project("{8BC9CEB8-8B4A-11D0-8D11-00A0C91BC942}") = "Framework_Base", "Framework_Base\Framework_Base.vcproj", "{9A1FD4C0-0BEE-4769-8FA9-D96CEFF5EB41}"
	ProjectSection(ProjectDependencies) = postProject
		{04797A31-93E0-47D9-9F9D-37E8631FB7F3} = {04797A31-93E0-47D9-9F9D-37E8631FB7F3}
		{04797A31-93E0-47D9-9F9D-37E8631FB7F3} = {04797A31-93E0-47D9-9F9D-37E8631FB7F3}
		{7C28F344-52DA-4390-B11C-B1B7B9FB723F} = {7C28F344-52DA-4390-B11C-B1B7B9FB723F}
	EndProjectSection
EndProject
Project("{8BC9CEB8-8B4A-11D0-8D11-00A0C91BC942}") = "INSTALL", ".\INSTALL.vcproj", "{2EB7EDB2-0FBC-487F-947A-6F45F8C6FCCE}"
	ProjectSection(ProjectDependencies) = postProject
		{435E0FA5-E62A-4228-9D94-40E501624E39} = {435E0FA5-E62A-4228-9D94-40E501624E39}
	EndProjectSection
EndProject
Project("{8BC9CEB8-8B4A-11D0-8D11-00A0C91BC942}") = "Model_Base", "Model_Base\Model_Base.vcproj", "{E906CA4B-106C-4FF0-9A9C-1678A403FDC8}"
	ProjectSection(ProjectDependencies) = postProject
		{9A1FD4C0-0BEE-4769-8FA9-D96CEFF5EB41} = {9A1FD4C0-0BEE-4769-8FA9-D96CEFF5EB41}
		{04797A31-93E0-47D9-9F9D-37E8631FB7F3} = {04797A31-93E0-47D9-9F9D-37E8631FB7F3}
		{BEB8DC7E-8E5E-4CA8-8219-2A3BE58F9416} = {BEB8DC7E-8E5E-4CA8-8219-2A3BE58F9416}
		{9A1FD4C0-0BEE-4769-8FA9-D96CEFF5EB41} = {9A1FD4C0-0BEE-4769-8FA9-D96CEFF5EB41}
		{04797A31-93E0-47D9-9F9D-37E8631FB7F3} = {04797A31-93E0-47D9-9F9D-37E8631FB7F3}
		{9A1FD4C0-0BEE-4769-8FA9-D96CEFF5EB41} = {9A1FD4C0-0BEE-4769-8FA9-D96CEFF5EB41}
		{04797A31-93E0-47D9-9F9D-37E8631FB7F3} = {04797A31-93E0-47D9-9F9D-37E8631FB7F3}
		{BEB8DC7E-8E5E-4CA8-8219-2A3BE58F9416} = {BEB8DC7E-8E5E-4CA8-8219-2A3BE58F9416}
		{7C28F344-52DA-4390-B11C-B1B7B9FB723F} = {7C28F344-52DA-4390-B11C-B1B7B9FB723F}
	EndProjectSection
EndProject
Project("{8BC9CEB8-8B4A-11D0-8D11-00A0C91BC942}") = "PACKAGE", ".\PACKAGE.vcproj", "{F19D1598-7627-487D-ADE7-C13EABF06B00}"
	ProjectSection(ProjectDependencies) = postProject
		{435E0FA5-E62A-4228-9D94-40E501624E39} = {435E0FA5-E62A-4228-9D94-40E501624E39}
	EndProjectSection
EndProject
Project("{8BC9CEB8-8B4A-11D0-8D11-00A0C91BC942}") = "Toolkit_Base", "Toolkit_Base\Toolkit_Base.vcproj", "{04797A31-93E0-47D9-9F9D-37E8631FB7F3}"
	ProjectSection(ProjectDependencies) = postProject
		{7C28F344-52DA-4390-B11C-B1B7B9FB723F} = {7C28F344-52DA-4390-B11C-B1B7B9FB723F}
	EndProjectSection
EndProject
Project("{8BC9CEB8-8B4A-11D0-8D11-00A0C91BC942}") = "View_Fmod", "View_Fmod\View_Fmod.vcproj", "{F25B004A-C98E-4493-A848-A76870572FF5}"
	ProjectSection(ProjectDependencies) = postProject
		{04797A31-93E0-47D9-9F9D-37E8631FB7F3} = {04797A31-93E0-47D9-9F9D-37E8631FB7F3}
		{9A1FD4C0-0BEE-4769-8FA9-D96CEFF5EB41} = {9A1FD4C0-0BEE-4769-8FA9-D96CEFF5EB41}
		{04797A31-93E0-47D9-9F9D-37E8631FB7F3} = {04797A31-93E0-47D9-9F9D-37E8631FB7F3}
		{9A1FD4C0-0BEE-4769-8FA9-D96CEFF5EB41} = {9A1FD4C0-0BEE-4769-8FA9-D96CEFF5EB41}
		{04797A31-93E0-47D9-9F9D-37E8631FB7F3} = {04797A31-93E0-47D9-9F9D-37E8631FB7F3}
		{7C28F344-52DA-4390-B11C-B1B7B9FB723F} = {7C28F344-52DA-4390-B11C-B1B7B9FB723F}
	EndProjectSection
EndProject
Project("{8BC9CEB8-8B4A-11D0-8D11-00A0C91BC942}") = "View_OGRE3D", "View_OGRE3D\View_OGRE3D.vcproj", "{BEB8DC7E-8E5E-4CA8-8219-2A3BE58F9416}"
	ProjectSection(ProjectDependencies) = postProject
		{9A1FD4C0-0BEE-4769-8FA9-D96CEFF5EB41} = {9A1FD4C0-0BEE-4769-8FA9-D96CEFF5EB41}
		{04797A31-93E0-47D9-9F9D-37E8631FB7F3} = {04797A31-93E0-47D9-9F9D-37E8631FB7F3}
		{9A1FD4C0-0BEE-4769-8FA9-D96CEFF5EB41} = {9A1FD4C0-0BEE-4769-8FA9-D96CEFF5EB41}
		{04797A31-93E0-47D9-9F9D-37E8631FB7F3} = {04797A31-93E0-47D9-9F9D-37E8631FB7F3}
		{7C28F344-52DA-4390-B11C-B1B7B9FB723F} = {7C28F344-52DA-4390-B11C-B1B7B9FB723F}
	EndProjectSection
EndProject
Project("{8BC9CEB8-8B4A-11D0-8D11-00A0C91BC942}") = "View_OIS", "View_OIS\View_OIS.vcproj", "{3918A1AB-6E18-4E6E-A441-0CFE27805D13}"
	ProjectSection(ProjectDependencies) = postProject
		{9A1FD4C0-0BEE-4769-8FA9-D96CEFF5EB41} = {9A1FD4C0-0BEE-4769-8FA9-D96CEFF5EB41}
		{04797A31-93E0-47D9-9F9D-37E8631FB7F3} = {04797A31-93E0-47D9-9F9D-37E8631FB7F3}
		{9A1FD4C0-0BEE-4769-8FA9-D96CEFF5EB41} = {9A1FD4C0-0BEE-4769-8FA9-D96CEFF5EB41}
		{04797A31-93E0-47D9-9F9D-37E8631FB7F3} = {04797A31-93E0-47D9-9F9D-37E8631FB7F3}
		{7C28F344-52DA-4390-B11C-B1B7B9FB723F} = {7C28F344-52DA-4390-B11C-B1B7B9FB723F}
	EndProjectSection
EndProject
Project("{8BC9CEB8-8B4A-11D0-8D11-00A0C91BC942}") = "ZERO_CHECK", ".\ZERO_CHECK.vcproj", "{7C28F344-52DA-4390-B11C-B1B7B9FB723F}"
	ProjectSection(ProjectDependencies) = postProject
	EndProjectSection
EndProject
Global
	GlobalSection(SolutionConfigurationPlatforms) = preSolution
		Debug|Win32 = Debug|Win32
		Release|Win32 = Release|Win32
		MinSizeRel|Win32 = MinSizeRel|Win32
		RelWithDebInfo|Win32 = RelWithDebInfo|Win32
	EndGlobalSection
	GlobalSection(ProjectConfigurationPlatforms) = postSolution
		{435E0FA5-E62A-4228-9D94-40E501624E39}.Debug|Win32.ActiveCfg = Debug|Win32
		{435E0FA5-E62A-4228-9D94-40E501624E39}.Debug|Win32.Build.0 = Debug|Win32
		{435E0FA5-E62A-4228-9D94-40E501624E39}.Release|Win32.ActiveCfg = Release|Win32
		{435E0FA5-E62A-4228-9D94-40E501624E39}.Release|Win32.Build.0 = Release|Win32
		{435E0FA5-E62A-4228-9D94-40E501624E39}.MinSizeRel|Win32.ActiveCfg = MinSizeRel|Win32
		{435E0FA5-E62A-4228-9D94-40E501624E39}.MinSizeRel|Win32.Build.0 = MinSizeRel|Win32
		{435E0FA5-E62A-4228-9D94-40E501624E39}.RelWithDebInfo|Win32.ActiveCfg = RelWithDebInfo|Win32
		{435E0FA5-E62A-4228-9D94-40E501624E39}.RelWithDebInfo|Win32.Build.0 = RelWithDebInfo|Win32
		{C06E03FD-F557-4493-B160-3E7F50D52B20}.Debug|Win32.ActiveCfg = Debug|Win32
		{C06E03FD-F557-4493-B160-3E7F50D52B20}.Debug|Win32.Build.0 = Debug|Win32
		{C06E03FD-F557-4493-B160-3E7F50D52B20}.Release|Win32.ActiveCfg = Release|Win32
		{C06E03FD-F557-4493-B160-3E7F50D52B20}.Release|Win32.Build.0 = Release|Win32
		{C06E03FD-F557-4493-B160-3E7F50D52B20}.MinSizeRel|Win32.ActiveCfg = MinSizeRel|Win32
		{C06E03FD-F557-4493-B160-3E7F50D52B20}.MinSizeRel|Win32.Build.0 = MinSizeRel|Win32
		{C06E03FD-F557-4493-B160-3E7F50D52B20}.RelWithDebInfo|Win32.ActiveCfg = RelWithDebInfo|Win32
		{C06E03FD-F557-4493-B160-3E7F50D52B20}.RelWithDebInfo|Win32.Build.0 = RelWithDebInfo|Win32
		{9D273939-B638-436C-A68A-AA7C1AF332D5}.Debug|Win32.ActiveCfg = Debug|Win32
		{9D273939-B638-436C-A68A-AA7C1AF332D5}.Debug|Win32.Build.0 = Debug|Win32
		{9D273939-B638-436C-A68A-AA7C1AF332D5}.Release|Win32.ActiveCfg = Release|Win32
		{9D273939-B638-436C-A68A-AA7C1AF332D5}.Release|Win32.Build.0 = Release|Win32
		{9D273939-B638-436C-A68A-AA7C1AF332D5}.MinSizeRel|Win32.ActiveCfg = MinSizeRel|Win32
		{9D273939-B638-436C-A68A-AA7C1AF332D5}.MinSizeRel|Win32.Build.0 = MinSizeRel|Win32
		{9D273939-B638-436C-A68A-AA7C1AF332D5}.RelWithDebInfo|Win32.ActiveCfg = RelWithDebInfo|Win32
		{9D273939-B638-436C-A68A-AA7C1AF332D5}.RelWithDebInfo|Win32.Build.0 = RelWithDebInfo|Win32
		{9A1FD4C0-0BEE-4769-8FA9-D96CEFF5EB41}.Debug|Win32.ActiveCfg = Debug|Win32
		{9A1FD4C0-0BEE-4769-8FA9-D96CEFF5EB41}.Debug|Win32.Build.0 = Debug|Win32
		{9A1FD4C0-0BEE-4769-8FA9-D96CEFF5EB41}.Release|Win32.ActiveCfg = Release|Win32
		{9A1FD4C0-0BEE-4769-8FA9-D96CEFF5EB41}.Release|Win32.Build.0 = Release|Win32
		{9A1FD4C0-0BEE-4769-8FA9-D96CEFF5EB41}.MinSizeRel|Win32.ActiveCfg = MinSizeRel|Win32
		{9A1FD4C0-0BEE-4769-8FA9-D96CEFF5EB41}.MinSizeRel|Win32.Build.0 = MinSizeRel|Win32
		{9A1FD4C0-0BEE-4769-8FA9-D96CEFF5EB41}.RelWithDebInfo|Win32.ActiveCfg = RelWithDebInfo|Win32
		{9A1FD4C0-0BEE-4769-8FA9-D96CEFF5EB41}.RelWithDebInfo|Win32.Build.0 = RelWithDebInfo|Win32
		{2EB7EDB2-0FBC-487F-947A-6F45F8C6FCCE}.Debug|Win32.ActiveCfg = Debug|Win32
		{2EB7EDB2-0FBC-487F-947A-6F45F8C6FCCE}.Release|Win32.ActiveCfg = Release|Win32
		{2EB7EDB2-0FBC-487F-947A-6F45F8C6FCCE}.MinSizeRel|Win32.ActiveCfg = MinSizeRel|Win32
		{2EB7EDB2-0FBC-487F-947A-6F45F8C6FCCE}.RelWithDebInfo|Win32.ActiveCfg = RelWithDebInfo|Win32
		{E906CA4B-106C-4FF0-9A9C-1678A403FDC8}.Debug|Win32.ActiveCfg = Debug|Win32
		{E906CA4B-106C-4FF0-9A9C-1678A403FDC8}.Debug|Win32.Build.0 = Debug|Win32
		{E906CA4B-106C-4FF0-9A9C-1678A403FDC8}.Release|Win32.ActiveCfg = Release|Win32
		{E906CA4B-106C-4FF0-9A9C-1678A403FDC8}.Release|Win32.Build.0 = Release|Win32
		{E906CA4B-106C-4FF0-9A9C-1678A403FDC8}.MinSizeRel|Win32.ActiveCfg = MinSizeRel|Win32
		{E906CA4B-106C-4FF0-9A9C-1678A403FDC8}.MinSizeRel|Win32.Build.0 = MinSizeRel|Win32
		{E906CA4B-106C-4FF0-9A9C-1678A403FDC8}.RelWithDebInfo|Win32.ActiveCfg = RelWithDebInfo|Win32
		{E906CA4B-106C-4FF0-9A9C-1678A403FDC8}.RelWithDebInfo|Win32.Build.0 = RelWithDebInfo|Win32
		{F19D1598-7627-487D-ADE7-C13EABF06B00}.Debug|Win32.ActiveCfg = Debug|Win32
		{F19D1598-7627-487D-ADE7-C13EABF06B00}.Release|Win32.ActiveCfg = Release|Win32
		{F19D1598-7627-487D-ADE7-C13EABF06B00}.MinSizeRel|Win32.ActiveCfg = MinSizeRel|Win32
		{F19D1598-7627-487D-ADE7-C13EABF06B00}.RelWithDebInfo|Win32.ActiveCfg = RelWithDebInfo|Win32
		{04797A31-93E0-47D9-9F9D-37E8631FB7F3}.Debug|Win32.ActiveCfg = Debug|Win32
		{04797A31-93E0-47D9-9F9D-37E8631FB7F3}.Debug|Win32.Build.0 = Debug|Win32
		{04797A31-93E0-47D9-9F9D-37E8631FB7F3}.Release|Win32.ActiveCfg = Release|Win32
		{04797A31-93E0-47D9-9F9D-37E8631FB7F3}.Release|Win32.Build.0 = Release|Win32
		{04797A31-93E0-47D9-9F9D-37E8631FB7F3}.MinSizeRel|Win32.ActiveCfg = MinSizeRel|Win32
		{04797A31-93E0-47D9-9F9D-37E8631FB7F3}.MinSizeRel|Win32.Build.0 = MinSizeRel|Win32
		{04797A31-93E0-47D9-9F9D-37E8631FB7F3}.RelWithDebInfo|Win32.ActiveCfg = RelWithDebInfo|Win32
		{04797A31-93E0-47D9-9F9D-37E8631FB7F3}.RelWithDebInfo|Win32.Build.0 = RelWithDebInfo|Win32
		{F25B004A-C98E-4493-A848-A76870572FF5}.Debug|Win32.ActiveCfg = Debug|Win32
		{F25B004A-C98E-4493-A848-A76870572FF5}.Debug|Win32.Build.0 = Debug|Win32
		{F25B004A-C98E-4493-A848-A76870572FF5}.Release|Win32.ActiveCfg = Release|Win32
		{F25B004A-C98E-4493-A848-A76870572FF5}.Release|Win32.Build.0 = Release|Win32
		{F25B004A-C98E-4493-A848-A76870572FF5}.MinSizeRel|Win32.ActiveCfg = MinSizeRel|Win32
		{F25B004A-C98E-4493-A848-A76870572FF5}.MinSizeRel|Win32.Build.0 = MinSizeRel|Win32
		{F25B004A-C98E-4493-A848-A76870572FF5}.RelWithDebInfo|Win32.ActiveCfg = RelWithDebInfo|Win32
		{F25B004A-C98E-4493-A848-A76870572FF5}.RelWithDebInfo|Win32.Build.0 = RelWithDebInfo|Win32
		{BEB8DC7E-8E5E-4CA8-8219-2A3BE58F9416}.Debug|Win32.ActiveCfg = Debug|Win32
		{BEB8DC7E-8E5E-4CA8-8219-2A3BE58F9416}.Debug|Win32.Build.0 = Debug|Win32
		{BEB8DC7E-8E5E-4CA8-8219-2A3BE58F9416}.Release|Win32.ActiveCfg = Release|Win32
		{BEB8DC7E-8E5E-4CA8-8219-2A3BE58F9416}.Release|Win32.Build.0 = Release|Win32
		{BEB8DC7E-8E5E-4CA8-8219-2A3BE58F9416}.MinSizeRel|Win32.ActiveCfg = MinSizeRel|Win32
		{BEB8DC7E-8E5E-4CA8-8219-2A3BE58F9416}.MinSizeRel|Win32.Build.0 = MinSizeRel|Win32
		{BEB8DC7E-8E5E-4CA8-8219-2A3BE58F9416}.RelWithDebInfo|Win32.ActiveCfg = RelWithDebInfo|Win32
		{BEB8DC7E-8E5E-4CA8-8219-2A3BE58F9416}.RelWithDebInfo|Win32.Build.0 = RelWithDebInfo|Win32
		{3918A1AB-6E18-4E6E-A441-0CFE27805D13}.Debug|Win32.ActiveCfg = Debug|Win32
		{3918A1AB-6E18-4E6E-A441-0CFE27805D13}.Debug|Win32.Build.0 = Debug|Win32
		{3918A1AB-6E18-4E6E-A441-0CFE27805D13}.Release|Win32.ActiveCfg = Release|Win32
		{3918A1AB-6E18-4E6E-A441-0CFE27805D13}.Release|Win32.Build.0 = Release|Win32
		{3918A1AB-6E18-4E6E-A441-0CFE27805D13}.MinSizeRel|Win32.ActiveCfg = MinSizeRel|Win32
		{3918A1AB-6E18-4E6E-A441-0CFE27805D13}.MinSizeRel|Win32.Build.0 = MinSizeRel|Win32
		{3918A1AB-6E18-4E6E-A441-0CFE27805D13}.RelWithDebInfo|Win32.ActiveCfg = RelWithDebInfo|Win32
		{3918A1AB-6E18-4E6E-A441-0CFE27805D13}.RelWithDebInfo|Win32.Build.0 = RelWithDebInfo|Win32
		{7C28F344-52DA-4390-B11C-B1B7B9FB723F}.Debug|Win32.ActiveCfg = Debug|Win32
		{7C28F344-52DA-4390-B11C-B1B7B9FB723F}.Debug|Win32.Build.0 = Debug|Win32
		{7C28F344-52DA-4390-B11C-B1B7B9FB723F}.Release|Win32.ActiveCfg = Release|Win32
		{7C28F344-52DA-4390-B11C-B1B7B9FB723F}.Release|Win32.Build.0 = Release|Win32
		{7C28F344-52DA-4390-B11C-B1B7B9FB723F}.MinSizeRel|Win32.ActiveCfg = MinSizeRel|Win32
		{7C28F344-52DA-4390-B11C-B1B7B9FB723F}.MinSizeRel|Win32.Build.0 = MinSizeRel|Win32
		{7C28F344-52DA-4390-B11C-B1B7B9FB723F}.RelWithDebInfo|Win32.ActiveCfg = RelWithDebInfo|Win32
		{7C28F344-52DA-4390-B11C-B1B7B9FB723F}.RelWithDebInfo|Win32.Build.0 = RelWithDebInfo|Win32
	EndGlobalSection
	GlobalSection(ExtensibilityGlobals) = postSolution
	EndGlobalSection
	GlobalSection(ExtensibilityAddIns) = postSolution
	EndGlobalSection
EndGlobal
